// !$*UTF8*$!
{
	archiveVersion = 1;
	classes = {
	};
	objectVersion = 56;
	objects = {

/* Begin PBXBuildFile section */
		C2D89A3528E7A59500B1E41F /* AppDelegate.swift in Sources */ = {isa = PBXBuildFile; fileRef = C2D89A3428E7A59500B1E41F /* AppDelegate.swift */; };
		C2D89A3728E7A59500B1E41F /* SceneDelegate.swift in Sources */ = {isa = PBXBuildFile; fileRef = C2D89A3628E7A59500B1E41F /* SceneDelegate.swift */; };
		C2D89A3E28E7A59700B1E41F /* Assets.xcassets in Resources */ = {isa = PBXBuildFile; fileRef = C2D89A3D28E7A59700B1E41F /* Assets.xcassets */; };
		C2D89A4F28E7A60300B1E41F /* Splash.storyboard in Resources */ = {isa = PBXBuildFile; fileRef = C2D89A4E28E7A60300B1E41F /* Splash.storyboard */; };
		C2D89A5128E7A60C00B1E41F /* Splash.swift in Sources */ = {isa = PBXBuildFile; fileRef = C2D89A5028E7A60C00B1E41F /* Splash.swift */; };
		C2D89A5428E7A61E00B1E41F /* HomeVC.swift in Sources */ = {isa = PBXBuildFile; fileRef = C2D89A5328E7A61E00B1E41F /* HomeVC.swift */; };
		C2D89A5628E7A62B00B1E41F /* HomeVC.storyboard in Resources */ = {isa = PBXBuildFile; fileRef = C2D89A5528E7A62B00B1E41F /* HomeVC.storyboard */; };
		C2D89A5828E7A86B00B1E41F /* HomeVM.swift in Sources */ = {isa = PBXBuildFile; fileRef = C2D89A5728E7A86B00B1E41F /* HomeVM.swift */; };
/* End PBXBuildFile section */

/* Begin PBXFileReference section */
		C2D89A3128E7A59500B1E41F /* TTI Case.app */ = {isa = PBXFileReference; explicitFileType = wrapper.application; includeInIndex = 0; path = "TTI Case.app"; sourceTree = BUILT_PRODUCTS_DIR; };
		C2D89A3428E7A59500B1E41F /* AppDelegate.swift */ = {isa = PBXFileReference; lastKnownFileType = sourcecode.swift; path = AppDelegate.swift; sourceTree = "<group>"; };
		C2D89A3628E7A59500B1E41F /* SceneDelegate.swift */ = {isa = PBXFileReference; lastKnownFileType = sourcecode.swift; path = SceneDelegate.swift; sourceTree = "<group>"; };
		C2D89A3D28E7A59700B1E41F /* Assets.xcassets */ = {isa = PBXFileReference; lastKnownFileType = folder.assetcatalog; path = Assets.xcassets; sourceTree = "<group>"; };
		C2D89A4228E7A59700B1E41F /* Info.plist */ = {isa = PBXFileReference; lastKnownFileType = text.plist.xml; path = Info.plist; sourceTree = "<group>"; };
		C2D89A4E28E7A60300B1E41F /* Splash.storyboard */ = {isa = PBXFileReference; lastKnownFileType = file.storyboard; path = Splash.storyboard; sourceTree = "<group>"; };
		C2D89A5028E7A60C00B1E41F /* Splash.swift */ = {isa = PBXFileReference; lastKnownFileType = sourcecode.swift; path = Splash.swift; sourceTree = "<group>"; };
		C2D89A5328E7A61E00B1E41F /* HomeVC.swift */ = {isa = PBXFileReference; lastKnownFileType = sourcecode.swift; path = HomeVC.swift; sourceTree = "<group>"; };
		C2D89A5528E7A62B00B1E41F /* HomeVC.storyboard */ = {isa = PBXFileReference; lastKnownFileType = file.storyboard; path = HomeVC.storyboard; sourceTree = "<group>"; };
		C2D89A5728E7A86B00B1E41F /* HomeVM.swift */ = {isa = PBXFileReference; lastKnownFileType = sourcecode.swift; path = HomeVM.swift; sourceTree = "<group>"; };
/* End PBXFileReference section */

/* Begin PBXFrameworksBuildPhase section */
		C2D89A2E28E7A59500B1E41F /* Frameworks */ = {
			isa = PBXFrameworksBuildPhase;
			buildActionMask = 2147483647;
			files = (
			);
			runOnlyForDeploymentPostprocessing = 0;
		};
/* End PBXFrameworksBuildPhase section */

/* Begin PBXGroup section */
		C2D89A2828E7A59500B1E41F = {
			isa = PBXGroup;
			children = (
				C2D89A3328E7A59500B1E41F /* TTI Case */,
				C2D89A3228E7A59500B1E41F /* Products */,
			);
			sourceTree = "<group>";
		};
		C2D89A3228E7A59500B1E41F /* Products */ = {
			isa = PBXGroup;
			children = (
				C2D89A3128E7A59500B1E41F /* TTI Case.app */,
			);
			name = Products;
			sourceTree = "<group>";
		};
		C2D89A3328E7A59500B1E41F /* TTI Case */ = {
			isa = PBXGroup;
			children = (
				C2D89A4828E7A59E00B1E41F /* Application */,
				C2D89A4228E7A59700B1E41F /* Info.plist */,
			);
			path = "TTI Case";
			sourceTree = "<group>";
		};
		C2D89A4828E7A59E00B1E41F /* Application */ = {
			isa = PBXGroup;
			children = (
				C2D89A4B28E7A5CE00B1E41F /* UI */,
				C2D89A4928E7A5A400B1E41F /* Common */,
				C2D89A4A28E7A5B700B1E41F /* Resources */,
			);
			path = Application;
			sourceTree = "<group>";
		};
		C2D89A4928E7A5A400B1E41F /* Common */ = {
			isa = PBXGroup;
			children = (
				C2D89A3428E7A59500B1E41F /* AppDelegate.swift */,
				C2D89A3628E7A59500B1E41F /* SceneDelegate.swift */,
			);
			path = Common;
			sourceTree = "<group>";
		};
		C2D89A4A28E7A5B700B1E41F /* Resources */ = {
			isa = PBXGroup;
			children = (
				C2D89A3D28E7A59700B1E41F /* Assets.xcassets */,
			);
			path = Resources;
			sourceTree = "<group>";
		};
		C2D89A4B28E7A5CE00B1E41F /* UI */ = {
			isa = PBXGroup;
			children = (
				C2D89A5228E7A61400B1E41F /* Home */,
				C2D89A4C28E7A5F200B1E41F /* Splash */,
			);
			path = UI;
			sourceTree = "<group>";
		};
		C2D89A4C28E7A5F200B1E41F /* Splash */ = {
			isa = PBXGroup;
			children = (
				C2D89A5028E7A60C00B1E41F /* Splash.swift */,
				C2D89A4E28E7A60300B1E41F /* Splash.storyboard */,
			);
			path = Splash;
			sourceTree = "<group>";
		};
		C2D89A5228E7A61400B1E41F /* Home */ = {
			isa = PBXGroup;
			children = (
				C2D89A5328E7A61E00B1E41F /* HomeVC.swift */,
				C2D89A5528E7A62B00B1E41F /* HomeVC.storyboard */,
				C2D89A5728E7A86B00B1E41F /* HomeVM.swift */,
			);
			path = Home;
			sourceTree = "<group>";
		};
/* End PBXGroup section */

/* Begin PBXNativeTarget section */
		C2D89A3028E7A59500B1E41F /* TTI Case */ = {
			isa = PBXNativeTarget;
			buildConfigurationList = C2D89A4528E7A59700B1E41F /* Build configuration list for PBXNativeTarget "TTI Case" */;
			buildPhases = (
				C2D89A2D28E7A59500B1E41F /* Sources */,
				C2D89A2E28E7A59500B1E41F /* Frameworks */,
				C2D89A2F28E7A59500B1E41F /* Resources */,
			);
			buildRules = (
			);
			dependencies = (
			);
			name = "TTI Case";
			productName = "TTI Case";
			productReference = C2D89A3128E7A59500B1E41F /* TTI Case.app */;
			productType = "com.apple.product-type.application";
		};
/* End PBXNativeTarget section */

/* Begin PBXProject section */
		C2D89A2928E7A59500B1E41F /* Project object */ = {
			isa = PBXProject;
			attributes = {
				BuildIndependentTargetsInParallel = 1;
				LastSwiftUpdateCheck = 1400;
				LastUpgradeCheck = 1400;
				TargetAttributes = {
					C2D89A3028E7A59500B1E41F = {
						CreatedOnToolsVersion = 14.0.1;
					};
				};
			};
			buildConfigurationList = C2D89A2C28E7A59500B1E41F /* Build configuration list for PBXProject "TTI Case" */;
			compatibilityVersion = "Xcode 14.0";
			developmentRegion = en;
			hasScannedForEncodings = 0;
			knownRegions = (
				en,
				Base,
			);
			mainGroup = C2D89A2828E7A59500B1E41F;
			productRefGroup = C2D89A3228E7A59500B1E41F /* Products */;
			projectDirPath = "";
			projectRoot = "";
			targets = (
				C2D89A3028E7A59500B1E41F /* TTI Case */,
			);
		};
/* End PBXProject section */

/* Begin PBXResourcesBuildPhase section */
		C2D89A2F28E7A59500B1E41F /* Resources */ = {
			isa = PBXResourcesBuildPhase;
			buildActionMask = 2147483647;
			files = (
				C2D89A5628E7A62B00B1E41F /* HomeVC.storyboard in Resources */,
				C2D89A3E28E7A59700B1E41F /* Assets.xcassets in Resources */,
				C2D89A4F28E7A60300B1E41F /* Splash.storyboard in Resources */,
			);
			runOnlyForDeploymentPostprocessing = 0;
		};
/* End PBXResourcesBuildPhase section */

/* Begin PBXSourcesBuildPhase section */
		C2D89A2D28E7A59500B1E41F /* Sources */ = {
			isa = PBXSourcesBuildPhase;
			buildActionMask = 2147483647;
			files = (
				C2D89A3528E7A59500B1E41F /* AppDelegate.swift in Sources */,
				C2D89A5828E7A86B00B1E41F /* HomeVM.swift in Sources */,
				C2D89A5128E7A60C00B1E41F /* Splash.swift in Sources */,
				C2D89A5428E7A61E00B1E41F /* HomeVC.swift in Sources */,
				C2D89A3728E7A59500B1E41F /* SceneDelegate.swift in Sources */,
			);
			runOnlyForDeploymentPostprocessing = 0;
		};
/* End PBXSourcesBuildPhase section */

/* Begin XCBuildConfiguration section */
		C2D89A4328E7A59700B1E41F /* Debug */ = {
			isa = XCBuildConfiguration;
			buildSettings = {
				ALWAYS_SEARCH_USER_PATHS = NO;
				CLANG_ANALYZER_NONNULL = YES;
				CLANG_ANALYZER_NUMBER_OBJECT_CONVERSION = YES_AGGRESSIVE;
				CLANG_CXX_LANGUAGE_STANDARD = "gnu++20";
				CLANG_ENABLE_MODULES = YES;
				CLANG_ENABLE_OBJC_ARC = YES;
				CLANG_ENABLE_OBJC_WEAK = YES;
				CLANG_WARN_BLOCK_CAPTURE_AUTORELEASING = YES;
				CLANG_WARN_BOOL_CONVERSION = YES;
				CLANG_WARN_COMMA = YES;
				CLANG_WARN_CONSTANT_CONVERSION = YES;
				CLANG_WARN_DEPRECATED_OBJC_IMPLEMENTATIONS = YES;
				CLANG_WARN_DIRECT_OBJC_ISA_USAGE = YES_ERROR;
				CLANG_WARN_DOCUMENTATION_COMMENTS = YES;
				CLANG_WARN_EMPTY_BODY = YES;
				CLANG_WARN_ENUM_CONVERSION = YES;
				CLANG_WARN_INFINITE_RECURSION = YES;
				CLANG_WARN_INT_CONVERSION = YES;
				CLANG_WARN_NON_LITERAL_NULL_CONVERSION = YES;
				CLANG_WARN_OBJC_IMPLICIT_RETAIN_SELF = YES;
				CLANG_WARN_OBJC_LITERAL_CONVERSION = YES;
				CLANG_WARN_OBJC_ROOT_CLASS = YES_ERROR;
				CLANG_WARN_QUOTED_INCLUDE_IN_FRAMEWORK_HEADER = YES;
				CLANG_WARN_RANGE_LOOP_ANALYSIS = YES;
				CLANG_WARN_STRICT_PROTOTYPES = YES;
				CLANG_WARN_SUSPICIOUS_MOVE = YES;
				CLANG_WARN_UNGUARDED_AVAILABILITY = YES_AGGRESSIVE;
				CLANG_WARN_UNREACHABLE_CODE = YES;
				CLANG_WARN__DUPLICATE_METHOD_MATCH = YES;
				COPY_PHASE_STRIP = NO;
				DEBUG_INFORMATION_FORMAT = dwarf;
				ENABLE_STRICT_OBJC_MSGSEND = YES;
				ENABLE_TESTABILITY = YES;
				GCC_C_LANGUAGE_STANDARD = gnu11;
				GCC_DYNAMIC_NO_PIC = NO;
				GCC_NO_COMMON_BLOCKS = YES;
				GCC_OPTIMIZATION_LEVEL = 0;
				GCC_PREPROCESSOR_DEFINITIONS = (
					"DEBUG=1",
					"$(inherited)",
				);
				GCC_WARN_64_TO_32_BIT_CONVERSION = YES;
				GCC_WARN_ABOUT_RETURN_TYPE = YES_ERROR;
				GCC_WARN_UNDECLARED_SELECTOR = YES;
				GCC_WARN_UNINITIALIZED_AUTOS = YES_AGGRESSIVE;
				GCC_WARN_UNUSED_FUNCTION = YES;
				GCC_WARN_UNUSED_VARIABLE = YES;
				IPHONEOS_DEPLOYMENT_TARGET = 16.0;
				MTL_ENABLE_DEBUG_INFO = INCLUDE_SOURCE;
				MTL_FAST_MATH = YES;
				ONLY_ACTIVE_ARCH = YES;
				SDKROOT = iphoneos;
				SWIFT_ACTIVE_COMPILATION_CONDITIONS = DEBUG;
				SWIFT_OPTIMIZATION_LEVEL = "-Onone";
			};
			name = Debug;
		};
		C2D89A4428E7A59700B1E41F /* Release */ = {
			isa = XCBuildConfiguration;
			buildSettings = {
				ALWAYS_SEARCH_USER_PATHS = NO;
				CLANG_ANALYZER_NONNULL = YES;
				CLANG_ANALYZER_NUMBER_OBJECT_CONVERSION = YES_AGGRESSIVE;
				CLANG_CXX_LANGUAGE_STANDARD = "gnu++20";
				CLANG_ENABLE_MODULES = YES;
				CLANG_ENABLE_OBJC_ARC = YES;
				CLANG_ENABLE_OBJC_WEAK = YES;
				CLANG_WARN_BLOCK_CAPTURE_AUTORELEASING = YES;
				CLANG_WARN_BOOL_CONVERSION = YES;
				CLANG_WARN_COMMA = YES;
				CLANG_WARN_CONSTANT_CONVERSION = YES;
				CLANG_WARN_DEPRECATED_OBJC_IMPLEMENTATIONS = YES;
				CLANG_WARN_DIRECT_OBJC_ISA_USAGE = YES_ERROR;
				CLANG_WARN_DOCUMENTATION_COMMENTS = YES;
				CLANG_WARN_EMPTY_BODY = YES;
				CLANG_WARN_ENUM_CONVERSION = YES;
				CLANG_WARN_INFINITE_RECURSION = YES;
				CLANG_WARN_INT_CONVERSION = YES;
				CLANG_WARN_NON_LITERAL_NULL_CONVERSION = YES;
				CLANG_WARN_OBJC_IMPLICIT_RETAIN_SELF = YES;
				CLANG_WARN_OBJC_LITERAL_CONVERSION = YES;
				CLANG_WARN_OBJC_ROOT_CLASS = YES_ERROR;
				CLANG_WARN_QUOTED_INCLUDE_IN_FRAMEWORK_HEADER = YES;
				CLANG_WARN_RANGE_LOOP_ANALYSIS = YES;
				CLANG_WARN_STRICT_PROTOTYPES = YES;
				CLANG_WARN_SUSPICIOUS_MOVE = YES;
				CLANG_WARN_UNGUARDED_AVAILABILITY = YES_AGGRESSIVE;
				CLANG_WARN_UNREACHABLE_CODE = YES;
				CLANG_WARN__DUPLICATE_METHOD_MATCH = YES;
				COPY_PHASE_STRIP = NO;
				DEBUG_INFORMATION_FORMAT = "dwarf-with-dsym";
				ENABLE_NS_ASSERTIONS = NO;
				ENABLE_STRICT_OBJC_MSGSEND = YES;
				GCC_C_LANGUAGE_STANDARD = gnu11;
				GCC_NO_COMMON_BLOCKS = YES;
				GCC_WARN_64_TO_32_BIT_CONVERSION = YES;
				GCC_WARN_ABOUT_RETURN_TYPE = YES_ERROR;
				GCC_WARN_UNDECLARED_SELECTOR = YES;
				GCC_WARN_UNINITIALIZED_AUTOS = YES_AGGRESSIVE;
				GCC_WARN_UNUSED_FUNCTION = YES;
				GCC_WARN_UNUSED_VARIABLE = YES;
				IPHONEOS_DEPLOYMENT_TARGET = 16.0;
				MTL_ENABLE_DEBUG_INFO = NO;
				MTL_FAST_MATH = YES;
				SDKROOT = iphoneos;
				SWIFT_COMPILATION_MODE = wholemodule;
				SWIFT_OPTIMIZATION_LEVEL = "-O";
				VALIDATE_PRODUCT = YES;
			};
			name = Release;
		};
		C2D89A4628E7A59700B1E41F /* Debug */ = {
			isa = XCBuildConfiguration;
			buildSettings = {
				ASSETCATALOG_COMPILER_APPICON_NAME = AppIcon;
				ASSETCATALOG_COMPILER_GLOBAL_ACCENT_COLOR_NAME = AccentColor;
				CODE_SIGN_STYLE = Automatic;
				CURRENT_PROJECT_VERSION = 1;
				DEVELOPMENT_TEAM = JGA4594YWM;
				GENERATE_INFOPLIST_FILE = YES;
				INFOPLIST_FILE = "TTI Case/Info.plist";
				INFOPLIST_KEY_UIApplicationSupportsIndirectInputEvents = YES;
				INFOPLIST_KEY_UILaunchStoryboardName = Splash;
				INFOPLIST_KEY_UIMainStoryboardFile = HomeVC;
				INFOPLIST_KEY_UISupportedInterfaceOrientations_iPad = "UIInterfaceOrientationPortrait UIInterfaceOrientationPortraitUpsideDown UIInterfaceOrientationLandscapeLeft UIInterfaceOrientationLandscapeRight";
				INFOPLIST_KEY_UISupportedInterfaceOrientations_iPhone = "UIInterfaceOrientationPortrait UIInterfaceOrientationLandscapeLeft UIInterfaceOrientationLandscapeRight";
				LD_RUNPATH_SEARCH_PATHS = (
					"$(inherited)",
					"@executable_path/Frameworks",
				);
				MARKETING_VERSION = 1.0;
				PRODUCT_BUNDLE_IDENTIFIER = "dev.ohkamisli.TTI-Case";
				PRODUCT_NAME = "$(TARGET_NAME)";
				SWIFT_EMIT_LOC_STRINGS = YES;
				SWIFT_VERSION = 5.0;
				TARGETED_DEVICE_FAMILY = "1,2";
			};
			name = Debug;
		};
		C2D89A4728E7A59700B1E41F /* Release */ = {
			isa = XCBuildConfiguration;
			buildSettings = {
				ASSETCATALOG_COMPILER_APPICON_NAME = AppIcon;
				ASSETCATALOG_COMPILER_GLOBAL_ACCENT_COLOR_NAME = AccentColor;
				CODE_SIGN_STYLE = Automatic;
				CURRENT_PROJECT_VERSION = 1;
				DEVELOPMENT_TEAM = JGA4594YWM;
				GENERATE_INFOPLIST_FILE = YES;
				INFOPLIST_FILE = "TTI Case/Info.plist";
				INFOPLIST_KEY_UIApplicationSupportsIndirectInputEvents = YES;
				INFOPLIST_KEY_UILaunchStoryboardName = Splash;
				INFOPLIST_KEY_UIMainStoryboardFile = HomeVC;
				INFOPLIST_KEY_UISupportedInterfaceOrientations_iPad = "UIInterfaceOrientationPortrait UIInterfaceOrientationPortraitUpsideDown UIInterfaceOrientationLandscapeLeft UIInterfaceOrientationLandscapeRight";
				INFOPLIST_KEY_UISupportedInterfaceOrientations_iPhone = "UIInterfaceOrientationPortrait UIInterfaceOrientationLandscapeLeft UIInterfaceOrientationLandscapeRight";
				LD_RUNPATH_SEARCH_PATHS = (
					"$(inherited)",
					"@executable_path/Frameworks",
				);
				MARKETING_VERSION = 1.0;
				PRODUCT_BUNDLE_IDENTIFIER = "dev.ohkamisli.TTI-Case";
				PRODUCT_NAME = "$(TARGET_NAME)";
				SWIFT_EMIT_LOC_STRINGS = YES;
				SWIFT_VERSION = 5.0;
				TARGETED_DEVICE_FAMILY = "1,2";
			};
			name = Release;
		};
/* End XCBuildConfiguration section */

/* Begin XCConfigurationList section */
		C2D89A2C28E7A59500B1E41F /* Build configuration list for PBXProject "TTI Case" */ = {
			isa = XCConfigurationList;
			buildConfigurations = (
				C2D89A4328E7A59700B1E41F /* Debug */,
				C2D89A4428E7A59700B1E41F /* Release */,
			);
			defaultConfigurationIsVisible = 0;
			defaultConfigurationName = Release;
		};
		C2D89A4528E7A59700B1E41F /* Build configuration list for PBXNativeTarget "TTI Case" */ = {
			isa = XCConfigurationList;
			buildConfigurations = (
				C2D89A4628E7A59700B1E41F /* Debug */,
				C2D89A4728E7A59700B1E41F /* Release */,
			);
			defaultConfigurationIsVisible = 0;
			defaultConfigurationName = Release;
		};
/* End XCConfigurationList section */
	};
	rootObject = C2D89A2928E7A59500B1E41F /* Project object */;
}
